
Microsoft Visual Studio Solution File, Format Version 12.00
# Visual Studio Version 16
VisualStudioVersion = 16.0.30907.101
MinimumVisualStudioVersion = 10.0.40219.1
Project("{FAE04EC0-301F-11D3-BF4B-00C04F79EFBC}") = "E-Game", "E-Game.csproj", "{28177061-8DF1-4C48-BCC5-745521495787}"
EndProject
Global
	GlobalSection(SolutionConfigurationPlatforms) = preSolution
		Debug|Any CPU = Debug|Any CPU
		Release|Any CPU = Release|Any CPU
	EndGlobalSection
	GlobalSection(ProjectConfigurationPlatforms) = postSolution
		{28177061-8DF1-4C48-BCC5-745521495787}.Debug|Any CPU.ActiveCfg = Debug|Any CPU
		{28177061-8DF1-4C48-BCC5-745521495787}.Debug|Any CPU.Build.0 = Debug|Any CPU
		{28177061-8DF1-4C48-BCC5-745521495787}.Release|Any CPU.ActiveCfg = Release|Any CPU
		{28177061-8DF1-4C48-BCC5-745521495787}.Release|Any CPU.Build.0 = Release|Any CPU
	EndGlobalSection
	GlobalSection(SolutionProperties) = preSolution
		HideSolutionNode = FALSE
	EndGlobalSection
	GlobalSection(ExtensibilityGlobals) = postSolution
		SolutionGuid = {6CA2180C-ABD6-4E08-85D0-FB15D7E98B1F}
	EndGlobalSection
EndGlobal
